PODS:
  - MJRefresh (3.2.0)
  - SnapKit (4.2.0)
  - Zero_Refresh/BridgeMJRefresh (0.1.0):
    - MJRefresh
    - Zero_Refresh/Core
  - Zero_Refresh/Core (0.1.0)
  - Zero_Refresh/ExEmptyView (0.1.0):
    - Zero_Refresh/Core

DEPENDENCIES:
  - SnapKit (from `https://github.com/SnapKit/SnapKit.git`, tag `4.2.0`)
  - Zero_Refresh/BridgeMJRefresh (from `../`)
  - Zero_Refresh/Core (from `../`)
  - Zero_Refresh/ExEmptyView (from `../`)

SPEC REPOS:
  https://github.com/cocoapods/specs.git:
    - MJRefresh

EXTERNAL SOURCES:
  SnapKit:
    :git: https://github.com/SnapKit/SnapKit.git
    :tag: 4.2.0
  Zero_Refresh:
    :path: "../"

CHECKOUT OPTIONS:
  SnapKit:
    :git: https://github.com/SnapKit/SnapKit.git
    :tag: 4.2.0

SPEC CHECKSUMS:
  MJRefresh: ed450d6eb9d3346a2cb033ab7eb6de090aeef437
  SnapKit: 77e8f61982be3de35316498ef730d44b1614b3c7
  Zero_Refresh: 80003b77a815171fd0ea28a6a3453aaba774adf1

PODFILE CHECKSUM: 259d7122a5db9aa20307cefa217292522818fe89

COCOAPODS: 1.7.1
